
Microsoft Visual Studio Solution File, Format Version 12.00
# Visual Studio Version 16
VisualStudioVersion = 16.0.31702.278
MinimumVisualStudioVersion = 10.0.40219.1
Project("{FAE04EC0-301F-11D3-BF4B-00C04F79EFBC}") = "MultitierApp", "MultitierApp.csproj", "{BE27C699-0431-40A9-97C9-0EE3A7A61FE8}"
EndProject
Project("{FAE04EC0-301F-11D3-BF4B-00C04F79EFBC}") = "DataAccessLayer", "..\DataAccessLayer\DataAccessLayer.csproj", "{A00B5AAE-03BE-4F87-8416-E3D7951CD906}"
EndProject
Project("{FAE04EC0-301F-11D3-BF4B-00C04F79EFBC}") = "BusinessLayer", "..\BusinessLayer\BusinessLayer.csproj", "{5D30D1FB-DFE4-4CC4-A940-5B2DA46795E0}"
EndProject
Project("{FAE04EC0-301F-11D3-BF4B-00C04F79EFBC}") = "CommonLayer", "..\CommonLayer\CommonLayer.csproj", "{1CBEDD36-940E-45CC-85FF-0B99DA48964F}"
EndProject
Global
	GlobalSection(SolutionConfigurationPlatforms) = preSolution
		Debug|Any CPU = Debug|Any CPU
		Release|Any CPU = Release|Any CPU
	EndGlobalSection
	GlobalSection(ProjectConfigurationPlatforms) = postSolution
		{BE27C699-0431-40A9-97C9-0EE3A7A61FE8}.Debug|Any CPU.ActiveCfg = Debug|Any CPU
		{BE27C699-0431-40A9-97C9-0EE3A7A61FE8}.Debug|Any CPU.Build.0 = Debug|Any CPU
		{BE27C699-0431-40A9-97C9-0EE3A7A61FE8}.Release|Any CPU.ActiveCfg = Release|Any CPU
		{BE27C699-0431-40A9-97C9-0EE3A7A61FE8}.Release|Any CPU.Build.0 = Release|Any CPU
		{A00B5AAE-03BE-4F87-8416-E3D7951CD906}.Debug|Any CPU.ActiveCfg = Debug|Any CPU
		{A00B5AAE-03BE-4F87-8416-E3D7951CD906}.Debug|Any CPU.Build.0 = Debug|Any CPU
		{A00B5AAE-03BE-4F87-8416-E3D7951CD906}.Release|Any CPU.ActiveCfg = Release|Any CPU
		{A00B5AAE-03BE-4F87-8416-E3D7951CD906}.Release|Any CPU.Build.0 = Release|Any CPU
		{5D30D1FB-DFE4-4CC4-A940-5B2DA46795E0}.Debug|Any CPU.ActiveCfg = Debug|Any CPU
		{5D30D1FB-DFE4-4CC4-A940-5B2DA46795E0}.Debug|Any CPU.Build.0 = Debug|Any CPU
		{5D30D1FB-DFE4-4CC4-A940-5B2DA46795E0}.Release|Any CPU.ActiveCfg = Release|Any CPU
		{5D30D1FB-DFE4-4CC4-A940-5B2DA46795E0}.Release|Any CPU.Build.0 = Release|Any CPU
		{1CBEDD36-940E-45CC-85FF-0B99DA48964F}.Debug|Any CPU.ActiveCfg = Debug|Any CPU
		{1CBEDD36-940E-45CC-85FF-0B99DA48964F}.Debug|Any CPU.Build.0 = Debug|Any CPU
		{1CBEDD36-940E-45CC-85FF-0B99DA48964F}.Release|Any CPU.ActiveCfg = Release|Any CPU
		{1CBEDD36-940E-45CC-85FF-0B99DA48964F}.Release|Any CPU.Build.0 = Release|Any CPU
	EndGlobalSection
	GlobalSection(SolutionProperties) = preSolution
		HideSolutionNode = FALSE
	EndGlobalSection
	GlobalSection(ExtensibilityGlobals) = postSolution
		SolutionGuid = {A5341B4C-247A-432C-BD11-4191B2360820}
	EndGlobalSection
EndGlobal
